// !$*UTF8*$!
{
	archiveVersion = 1;
	classes = {
	};
	objectVersion = 56;
	objects = {

/* Begin PBXBuildFile section */
		116A7672299D35FC00F85A49 /* AppDelegate.swift in Sources */ = {isa = PBXBuildFile; fileRef = 116A7671299D35FC00F85A49 /* AppDelegate.swift */; };
		116A7674299D35FC00F85A49 /* SceneDelegate.swift in Sources */ = {isa = PBXBuildFile; fileRef = 116A7673299D35FC00F85A49 /* SceneDelegate.swift */; };
		116A7676299D35FC00F85A49 /* LoginViewController.swift in Sources */ = {isa = PBXBuildFile; fileRef = 116A7675299D35FC00F85A49 /* LoginViewController.swift */; };
		116A767B299D35FD00F85A49 /* Assets.xcassets in Resources */ = {isa = PBXBuildFile; fileRef = 116A767A299D35FD00F85A49 /* Assets.xcassets */; };
		116A767E299D35FD00F85A49 /* LaunchScreen.storyboard in Resources */ = {isa = PBXBuildFile; fileRef = 116A767C299D35FD00F85A49 /* LaunchScreen.storyboard */; };
		1177EC9D29C2E136001D37A8 /* ChatManager.swift in Sources */ = {isa = PBXBuildFile; fileRef = 1177EC9C29C2E136001D37A8 /* ChatManager.swift */; };
		11F02CD1299DB8790067AEFF /* SettingsViewController.swift in Sources */ = {isa = PBXBuildFile; fileRef = 11F02CD0299DB8790067AEFF /* SettingsViewController.swift */; };
		11F02CD3299DB8BE0067AEFF /* TabBarViewController.swift in Sources */ = {isa = PBXBuildFile; fileRef = 11F02CD2299DB8BE0067AEFF /* TabBarViewController.swift */; };
		7F5E49E398440D38D53B5577 /* Pods_iOS_NCW_webchat.framework in Frameworks */ = {isa = PBXBuildFile; fileRef = 19174BB31F136138E9A6D109 /* Pods_iOS_NCW_webchat.framework */; };
/* End PBXBuildFile section */

/* Begin PBXFileReference section */
		116A766E299D35FC00F85A49 /* iOS NCW webchat.app */ = {isa = PBXFileReference; explicitFileType = wrapper.application; includeInIndex = 0; path = "iOS NCW webchat.app"; sourceTree = BUILT_PRODUCTS_DIR; };
		116A7671299D35FC00F85A49 /* AppDelegate.swift */ = {isa = PBXFileReference; lastKnownFileType = sourcecode.swift; path = AppDelegate.swift; sourceTree = "<group>"; };
		116A7673299D35FC00F85A49 /* SceneDelegate.swift */ = {isa = PBXFileReference; lastKnownFileType = sourcecode.swift; path = SceneDelegate.swift; sourceTree = "<group>"; };
		116A7675299D35FC00F85A49 /* LoginViewController.swift */ = {isa = PBXFileReference; lastKnownFileType = sourcecode.swift; path = LoginViewController.swift; sourceTree = "<group>"; };
		116A767A299D35FD00F85A49 /* Assets.xcassets */ = {isa = PBXFileReference; lastKnownFileType = folder.assetcatalog; path = Assets.xcassets; sourceTree = "<group>"; };
		116A767D299D35FD00F85A49 /* Base */ = {isa = PBXFileReference; lastKnownFileType = file.storyboard; name = Base; path = Base.lproj/LaunchScreen.storyboard; sourceTree = "<group>"; };
		116A767F299D35FD00F85A49 /* Info.plist */ = {isa = PBXFileReference; lastKnownFileType = text.plist.xml; path = Info.plist; sourceTree = "<group>"; };
		1177EC9C29C2E136001D37A8 /* ChatManager.swift */ = {isa = PBXFileReference; lastKnownFileType = sourcecode.swift; path = ChatManager.swift; sourceTree = "<group>"; };
		11F02CD0299DB8790067AEFF /* SettingsViewController.swift */ = {isa = PBXFileReference; lastKnownFileType = sourcecode.swift; path = SettingsViewController.swift; sourceTree = "<group>"; };
		11F02CD2299DB8BE0067AEFF /* TabBarViewController.swift */ = {isa = PBXFileReference; lastKnownFileType = sourcecode.swift; path = TabBarViewController.swift; sourceTree = "<group>"; };
		19174BB31F136138E9A6D109 /* Pods_iOS_NCW_webchat.framework */ = {isa = PBXFileReference; explicitFileType = wrapper.framework; includeInIndex = 0; path = Pods_iOS_NCW_webchat.framework; sourceTree = BUILT_PRODUCTS_DIR; };
		4F054723F0559614A0E80FB8 /* Pods-iOS NCW webchat.release.xcconfig */ = {isa = PBXFileReference; includeInIndex = 1; lastKnownFileType = text.xcconfig; name = "Pods-iOS NCW webchat.release.xcconfig"; path = "Target Support Files/Pods-iOS NCW webchat/Pods-iOS NCW webchat.release.xcconfig"; sourceTree = "<group>"; };
		BDDF44149E3551059A053DC6 /* Pods-iOS NCW webchat.debug.xcconfig */ = {isa = PBXFileReference; includeInIndex = 1; lastKnownFileType = text.xcconfig; name = "Pods-iOS NCW webchat.debug.xcconfig"; path = "Target Support Files/Pods-iOS NCW webchat/Pods-iOS NCW webchat.debug.xcconfig"; sourceTree = "<group>"; };
/* End PBXFileReference section */

/* Begin PBXFrameworksBuildPhase section */
		116A766B299D35FB00F85A49 /* Frameworks */ = {
			isa = PBXFrameworksBuildPhase;
			buildActionMask = 2147483647;
			files = (
				7F5E49E398440D38D53B5577 /* Pods_iOS_NCW_webchat.framework in Frameworks */,
			);
			runOnlyForDeploymentPostprocessing = 0;
		};
/* End PBXFrameworksBuildPhase section */

/* Begin PBXGroup section */
		116A7665299D35FB00F85A49 = {
			isa = PBXGroup;
			children = (
				116A7670299D35FC00F85A49 /* iOS NCW webchat */,
				116A766F299D35FC00F85A49 /* Products */,
				5F75B7EDB20124A353906ABF /* Pods */,
				8AD8AC4571FCF57FC526C011 /* Frameworks */,
			);
			sourceTree = "<group>";
		};
		116A766F299D35FC00F85A49 /* Products */ = {
			isa = PBXGroup;
			children = (
				116A766E299D35FC00F85A49 /* iOS NCW webchat.app */,
			);
			name = Products;
			sourceTree = "<group>";
		};
		116A7670299D35FC00F85A49 /* iOS NCW webchat */ = {
			isa = PBXGroup;
			children = (
				11F02CCD299D41180067AEFF /* Others */,
				11F02CCC299D41110067AEFF /* Managers */,
				11F02CCB299D41090067AEFF /* Models */,
				11F02CCA299D408E0067AEFF /* Viwes */,
				11F02CC9299D40730067AEFF /* Controllers */,
				116A767F299D35FD00F85A49 /* Info.plist */,
			);
			path = "iOS NCW webchat";
			sourceTree = "<group>";
		};
		11F02CC9299D40730067AEFF /* Controllers */ = {
			isa = PBXGroup;
			children = (
				116A7675299D35FC00F85A49 /* LoginViewController.swift */,
				11F02CD0299DB8790067AEFF /* SettingsViewController.swift */,
				11F02CD2299DB8BE0067AEFF /* TabBarViewController.swift */,
			);
			path = Controllers;
			sourceTree = "<group>";
		};
		11F02CCA299D408E0067AEFF /* Viwes */ = {
			isa = PBXGroup;
			children = (
			);
			path = Viwes;
			sourceTree = "<group>";
		};
		11F02CCB299D41090067AEFF /* Models */ = {
			isa = PBXGroup;
			children = (
			);
			path = Models;
			sourceTree = "<group>";
		};
		11F02CCC299D41110067AEFF /* Managers */ = {
			isa = PBXGroup;
			children = (
				1177EC9C29C2E136001D37A8 /* ChatManager.swift */,
			);
			path = Managers;
			sourceTree = "<group>";
		};
		11F02CCD299D41180067AEFF /* Others */ = {
			isa = PBXGroup;
			children = (
				116A7671299D35FC00F85A49 /* AppDelegate.swift */,
				116A7673299D35FC00F85A49 /* SceneDelegate.swift */,
				116A767A299D35FD00F85A49 /* Assets.xcassets */,
				116A767C299D35FD00F85A49 /* LaunchScreen.storyboard */,
			);
			path = Others;
			sourceTree = "<group>";
		};
		5F75B7EDB20124A353906ABF /* Pods */ = {
			isa = PBXGroup;
			children = (
				BDDF44149E3551059A053DC6 /* Pods-iOS NCW webchat.debug.xcconfig */,
				4F054723F0559614A0E80FB8 /* Pods-iOS NCW webchat.release.xcconfig */,
			);
			path = Pods;
			sourceTree = "<group>";
		};
		8AD8AC4571FCF57FC526C011 /* Frameworks */ = {
			isa = PBXGroup;
			children = (
				19174BB31F136138E9A6D109 /* Pods_iOS_NCW_webchat.framework */,
			);
			name = Frameworks;
			sourceTree = "<group>";
		};
/* End PBXGroup section */

/* Begin PBXNativeTarget section */
		116A766D299D35FB00F85A49 /* iOS NCW webchat */ = {
			isa = PBXNativeTarget;
			buildConfigurationList = 116A7682299D35FD00F85A49 /* Build configuration list for PBXNativeTarget "iOS NCW webchat" */;
			buildPhases = (
				32931408006A436B84B090C4 /* [CP] Check Pods Manifest.lock */,
				116A766A299D35FB00F85A49 /* Sources */,
				116A766B299D35FB00F85A49 /* Frameworks */,
				116A766C299D35FB00F85A49 /* Resources */,
				DB061163D1EDCD0BA13E5B6B /* [CP] Embed Pods Frameworks */,
			);
			buildRules = (
			);
			dependencies = (
			);
			name = "iOS NCW webchat";
			productName = "iOS NCW webchat";
			productReference = 116A766E299D35FC00F85A49 /* iOS NCW webchat.app */;
			productType = "com.apple.product-type.application";
		};
/* End PBXNativeTarget section */

/* Begin PBXProject section */
		116A7666299D35FB00F85A49 /* Project object */ = {
			isa = PBXProject;
			attributes = {
				BuildIndependentTargetsInParallel = 1;
				LastSwiftUpdateCheck = 1420;
				LastUpgradeCheck = 1420;
				TargetAttributes = {
					116A766D299D35FB00F85A49 = {
						CreatedOnToolsVersion = 14.2;
					};
				};
			};
			buildConfigurationList = 116A7669299D35FB00F85A49 /* Build configuration list for PBXProject "iOS NCW webchat" */;
			compatibilityVersion = "Xcode 14.0";
			developmentRegion = en;
			hasScannedForEncodings = 0;
			knownRegions = (
				en,
				Base,
			);
			mainGroup = 116A7665299D35FB00F85A49;
			productRefGroup = 116A766F299D35FC00F85A49 /* Products */;
			projectDirPath = "";
			projectRoot = "";
			targets = (
				116A766D299D35FB00F85A49 /* iOS NCW webchat */,
			);
		};
/* End PBXProject section */

/* Begin PBXResourcesBuildPhase section */
		116A766C299D35FB00F85A49 /* Resources */ = {
			isa = PBXResourcesBuildPhase;
			buildActionMask = 2147483647;
			files = (
				116A767E299D35FD00F85A49 /* LaunchScreen.storyboard in Resources */,
				116A767B299D35FD00F85A49 /* Assets.xcassets in Resources */,
			);
			runOnlyForDeploymentPostprocessing = 0;
		};
/* End PBXResourcesBuildPhase section */

/* Begin PBXShellScriptBuildPhase section */
		32931408006A436B84B090C4 /* [CP] Check Pods Manifest.lock */ = {
			isa = PBXShellScriptBuildPhase;
			buildActionMask = 2147483647;
			files = (
			);
			inputFileListPaths = (
			);
			inputPaths = (
				"${PODS_PODFILE_DIR_PATH}/Podfile.lock",
				"${PODS_ROOT}/Manifest.lock",
			);
			name = "[CP] Check Pods Manifest.lock";
			outputFileListPaths = (
			);
			outputPaths = (
				"$(DERIVED_FILE_DIR)/Pods-iOS NCW webchat-checkManifestLockResult.txt",
			);
			runOnlyForDeploymentPostprocessing = 0;
			shellPath = /bin/sh;
			shellScript = "diff \"${PODS_PODFILE_DIR_PATH}/Podfile.lock\" \"${PODS_ROOT}/Manifest.lock\" > /dev/null\nif [ $? != 0 ] ; then\n    # print error to STDERR\n    echo \"error: The sandbox is not in sync with the Podfile.lock. Run 'pod install' or update your CocoaPods installation.\" >&2\n    exit 1\nfi\n# This output is used by Xcode 'outputs' to avoid re-running this script phase.\necho \"SUCCESS\" > \"${SCRIPT_OUTPUT_FILE_0}\"\n";
			showEnvVarsInLog = 0;
		};
		DB061163D1EDCD0BA13E5B6B /* [CP] Embed Pods Frameworks */ = {
			isa = PBXShellScriptBuildPhase;
			buildActionMask = 2147483647;
			files = (
			);
			inputFileListPaths = (
				"${PODS_ROOT}/Target Support Files/Pods-iOS NCW webchat/Pods-iOS NCW webchat-frameworks-${CONFIGURATION}-input-files.xcfilelist",
			);
			name = "[CP] Embed Pods Frameworks";
			outputFileListPaths = (
				"${PODS_ROOT}/Target Support Files/Pods-iOS NCW webchat/Pods-iOS NCW webchat-frameworks-${CONFIGURATION}-output-files.xcfilelist",
			);
			runOnlyForDeploymentPostprocessing = 0;
			shellPath = /bin/sh;
			shellScript = "\"${PODS_ROOT}/Target Support Files/Pods-iOS NCW webchat/Pods-iOS NCW webchat-frameworks.sh\"\n";
			showEnvVarsInLog = 0;
		};
/* End PBXShellScriptBuildPhase section */

/* Begin PBXSourcesBuildPhase section */
		116A766A299D35FB00F85A49 /* Sources */ = {
			isa = PBXSourcesBuildPhase;
			buildActionMask = 2147483647;
			files = (
				116A7676299D35FC00F85A49 /* LoginViewController.swift in Sources */,
				116A7672299D35FC00F85A49 /* AppDelegate.swift in Sources */,
				116A7674299D35FC00F85A49 /* SceneDelegate.swift in Sources */,
				1177EC9D29C2E136001D37A8 /* ChatManager.swift in Sources */,
				11F02CD1299DB8790067AEFF /* SettingsViewController.swift in Sources */,
				11F02CD3299DB8BE0067AEFF /* TabBarViewController.swift in Sources */,
			);
			runOnlyForDeploymentPostprocessing = 0;
		};
/* End PBXSourcesBuildPhase section */

/* Begin PBXVariantGroup section */
		116A767C299D35FD00F85A49 /* LaunchScreen.storyboard */ = {
			isa = PBXVariantGroup;
			children = (
				116A767D299D35FD00F85A49 /* Base */,
			);
			name = LaunchScreen.storyboard;
			sourceTree = "<group>";
		};
/* End PBXVariantGroup section */

/* Begin XCBuildConfiguration section */
		116A7680299D35FD00F85A49 /* Debug */ = {
			isa = XCBuildConfiguration;
			buildSettings = {
				ALWAYS_SEARCH_USER_PATHS = NO;
				CLANG_ANALYZER_NONNULL = YES;
				CLANG_ANALYZER_NUMBER_OBJECT_CONVERSION = YES_AGGRESSIVE;
				CLANG_CXX_LANGUAGE_STANDARD = "gnu++20";
				CLANG_ENABLE_MODULES = YES;
				CLANG_ENABLE_OBJC_ARC = YES;
				CLANG_ENABLE_OBJC_WEAK = YES;
				CLANG_WARN_BLOCK_CAPTURE_AUTORELEASING = YES;
				CLANG_WARN_BOOL_CONVERSION = YES;
				CLANG_WARN_COMMA = YES;
				CLANG_WARN_CONSTANT_CONVERSION = YES;
				CLANG_WARN_DEPRECATED_OBJC_IMPLEMENTATIONS = YES;
				CLANG_WARN_DIRECT_OBJC_ISA_USAGE = YES_ERROR;
				CLANG_WARN_DOCUMENTATION_COMMENTS = YES;
				CLANG_WARN_EMPTY_BODY = YES;
				CLANG_WARN_ENUM_CONVERSION = YES;
				CLANG_WARN_INFINITE_RECURSION = YES;
				CLANG_WARN_INT_CONVERSION = YES;
				CLANG_WARN_NON_LITERAL_NULL_CONVERSION = YES;
				CLANG_WARN_OBJC_IMPLICIT_RETAIN_SELF = YES;
				CLANG_WARN_OBJC_LITERAL_CONVERSION = YES;
				CLANG_WARN_OBJC_ROOT_CLASS = YES_ERROR;
				CLANG_WARN_QUOTED_INCLUDE_IN_FRAMEWORK_HEADER = YES;
				CLANG_WARN_RANGE_LOOP_ANALYSIS = YES;
				CLANG_WARN_STRICT_PROTOTYPES = YES;
				CLANG_WARN_SUSPICIOUS_MOVE = YES;
				CLANG_WARN_UNGUARDED_AVAILABILITY = YES_AGGRESSIVE;
				CLANG_WARN_UNREACHABLE_CODE = YES;
				CLANG_WARN__DUPLICATE_METHOD_MATCH = YES;
				COPY_PHASE_STRIP = NO;
				DEBUG_INFORMATION_FORMAT = dwarf;
				ENABLE_STRICT_OBJC_MSGSEND = YES;
				ENABLE_TESTABILITY = YES;
				GCC_C_LANGUAGE_STANDARD = gnu11;
				GCC_DYNAMIC_NO_PIC = NO;
				GCC_NO_COMMON_BLOCKS = YES;
				GCC_OPTIMIZATION_LEVEL = 0;
				GCC_PREPROCESSOR_DEFINITIONS = (
					"DEBUG=1",
					"$(inherited)",
				);
				GCC_WARN_64_TO_32_BIT_CONVERSION = YES;
				GCC_WARN_ABOUT_RETURN_TYPE = YES_ERROR;
				GCC_WARN_UNDECLARED_SELECTOR = YES;
				GCC_WARN_UNINITIALIZED_AUTOS = YES_AGGRESSIVE;
				GCC_WARN_UNUSED_FUNCTION = YES;
				GCC_WARN_UNUSED_VARIABLE = YES;
				IPHONEOS_DEPLOYMENT_TARGET = 16.2;
				MTL_ENABLE_DEBUG_INFO = INCLUDE_SOURCE;
				MTL_FAST_MATH = YES;
				ONLY_ACTIVE_ARCH = YES;
				SDKROOT = iphoneos;
				SWIFT_ACTIVE_COMPILATION_CONDITIONS = DEBUG;
				SWIFT_OPTIMIZATION_LEVEL = "-Onone";
			};
			name = Debug;
		};
		116A7681299D35FD00F85A49 /* Release */ = {
			isa = XCBuildConfiguration;
			buildSettings = {
				ALWAYS_SEARCH_USER_PATHS = NO;
				CLANG_ANALYZER_NONNULL = YES;
				CLANG_ANALYZER_NUMBER_OBJECT_CONVERSION = YES_AGGRESSIVE;
				CLANG_CXX_LANGUAGE_STANDARD = "gnu++20";
				CLANG_ENABLE_MODULES = YES;
				CLANG_ENABLE_OBJC_ARC = YES;
				CLANG_ENABLE_OBJC_WEAK = YES;
				CLANG_WARN_BLOCK_CAPTURE_AUTORELEASING = YES;
				CLANG_WARN_BOOL_CONVERSION = YES;
				CLANG_WARN_COMMA = YES;
				CLANG_WARN_CONSTANT_CONVERSION = YES;
				CLANG_WARN_DEPRECATED_OBJC_IMPLEMENTATIONS = YES;
				CLANG_WARN_DIRECT_OBJC_ISA_USAGE = YES_ERROR;
				CLANG_WARN_DOCUMENTATION_COMMENTS = YES;
				CLANG_WARN_EMPTY_BODY = YES;
				CLANG_WARN_ENUM_CONVERSION = YES;
				CLANG_WARN_INFINITE_RECURSION = YES;
				CLANG_WARN_INT_CONVERSION = YES;
				CLANG_WARN_NON_LITERAL_NULL_CONVERSION = YES;
				CLANG_WARN_OBJC_IMPLICIT_RETAIN_SELF = YES;
				CLANG_WARN_OBJC_LITERAL_CONVERSION = YES;
				CLANG_WARN_OBJC_ROOT_CLASS = YES_ERROR;
				CLANG_WARN_QUOTED_INCLUDE_IN_FRAMEWORK_HEADER = YES;
				CLANG_WARN_RANGE_LOOP_ANALYSIS = YES;
				CLANG_WARN_STRICT_PROTOTYPES = YES;
				CLANG_WARN_SUSPICIOUS_MOVE = YES;
				CLANG_WARN_UNGUARDED_AVAILABILITY = YES_AGGRESSIVE;
				CLANG_WARN_UNREACHABLE_CODE = YES;
				CLANG_WARN__DUPLICATE_METHOD_MATCH = YES;
				COPY_PHASE_STRIP = NO;
				DEBUG_INFORMATION_FORMAT = "dwarf-with-dsym";
				ENABLE_NS_ASSERTIONS = NO;
				ENABLE_STRICT_OBJC_MSGSEND = YES;
				GCC_C_LANGUAGE_STANDARD = gnu11;
				GCC_NO_COMMON_BLOCKS = YES;
				GCC_WARN_64_TO_32_BIT_CONVERSION = YES;
				GCC_WARN_ABOUT_RETURN_TYPE = YES_ERROR;
				GCC_WARN_UNDECLARED_SELECTOR = YES;
				GCC_WARN_UNINITIALIZED_AUTOS = YES_AGGRESSIVE;
				GCC_WARN_UNUSED_FUNCTION = YES;
				GCC_WARN_UNUSED_VARIABLE = YES;
				IPHONEOS_DEPLOYMENT_TARGET = 16.2;
				MTL_ENABLE_DEBUG_INFO = NO;
				MTL_FAST_MATH = YES;
				SDKROOT = iphoneos;
				SWIFT_COMPILATION_MODE = wholemodule;
				SWIFT_OPTIMIZATION_LEVEL = "-O";
				VALIDATE_PRODUCT = YES;
			};
			name = Release;
		};
		116A7683299D35FD00F85A49 /* Debug */ = {
			isa = XCBuildConfiguration;
			baseConfigurationReference = BDDF44149E3551059A053DC6 /* Pods-iOS NCW webchat.debug.xcconfig */;
			buildSettings = {
				ASSETCATALOG_COMPILER_APPICON_NAME = AppIcon;
				ASSETCATALOG_COMPILER_GLOBAL_ACCENT_COLOR_NAME = AccentColor;
				CODE_SIGN_STYLE = Automatic;
				CURRENT_PROJECT_VERSION = 1;
				GENERATE_INFOPLIST_FILE = YES;
				INFOPLIST_FILE = "iOS NCW webchat/Info.plist";
				INFOPLIST_KEY_UIApplicationSupportsIndirectInputEvents = YES;
				INFOPLIST_KEY_UILaunchStoryboardName = LaunchScreen;
				INFOPLIST_KEY_UISupportedInterfaceOrientations_iPad = "UIInterfaceOrientationPortrait UIInterfaceOrientationPortraitUpsideDown UIInterfaceOrientationLandscapeLeft UIInterfaceOrientationLandscapeRight";
				INFOPLIST_KEY_UISupportedInterfaceOrientations_iPhone = "UIInterfaceOrientationPortrait UIInterfaceOrientationLandscapeLeft UIInterfaceOrientationLandscapeRight";
				LD_RUNPATH_SEARCH_PATHS = (
					"$(inherited)",
					"@executable_path/Frameworks",
				);
				MARKETING_VERSION = 1.0;
				PRODUCT_BUNDLE_IDENTIFIER = "project.iOS-NCW-webchat";
				PRODUCT_NAME = "$(TARGET_NAME)";
				SWIFT_EMIT_LOC_STRINGS = YES;
				SWIFT_VERSION = 5.0;
				TARGETED_DEVICE_FAMILY = "1,2";
			};
			name = Debug;
		};
		116A7684299D35FD00F85A49 /* Release */ = {
			isa = XCBuildConfiguration;
			baseConfigurationReference = 4F054723F0559614A0E80FB8 /* Pods-iOS NCW webchat.release.xcconfig */;
			buildSettings = {
				ASSETCATALOG_COMPILER_APPICON_NAME = AppIcon;
				ASSETCATALOG_COMPILER_GLOBAL_ACCENT_COLOR_NAME = AccentColor;
				CODE_SIGN_STYLE = Automatic;
				CURRENT_PROJECT_VERSION = 1;
				GENERATE_INFOPLIST_FILE = YES;
				INFOPLIST_FILE = "iOS NCW webchat/Info.plist";
				INFOPLIST_KEY_UIApplicationSupportsIndirectInputEvents = YES;
				INFOPLIST_KEY_UILaunchStoryboardName = LaunchScreen;
				INFOPLIST_KEY_UISupportedInterfaceOrientations_iPad = "UIInterfaceOrientationPortrait UIInterfaceOrientationPortraitUpsideDown UIInterfaceOrientationLandscapeLeft UIInterfaceOrientationLandscapeRight";
				INFOPLIST_KEY_UISupportedInterfaceOrientations_iPhone = "UIInterfaceOrientationPortrait UIInterfaceOrientationLandscapeLeft UIInterfaceOrientationLandscapeRight";
				LD_RUNPATH_SEARCH_PATHS = (
					"$(inherited)",
					"@executable_path/Frameworks",
				);
				MARKETING_VERSION = 1.0;
				PRODUCT_BUNDLE_IDENTIFIER = "project.iOS-NCW-webchat";
				PRODUCT_NAME = "$(TARGET_NAME)";
				SWIFT_EMIT_LOC_STRINGS = YES;
				SWIFT_VERSION = 5.0;
				TARGETED_DEVICE_FAMILY = "1,2";
			};
			name = Release;
		};
/* End XCBuildConfiguration section */

/* Begin XCConfigurationList section */
		116A7669299D35FB00F85A49 /* Build configuration list for PBXProject "iOS NCW webchat" */ = {
			isa = XCConfigurationList;
			buildConfigurations = (
				116A7680299D35FD00F85A49 /* Debug */,
				116A7681299D35FD00F85A49 /* Release */,
			);
			defaultConfigurationIsVisible = 0;
			defaultConfigurationName = Release;
		};
		116A7682299D35FD00F85A49 /* Build configuration list for PBXNativeTarget "iOS NCW webchat" */ = {
			isa = XCConfigurationList;
			buildConfigurations = (
				116A7683299D35FD00F85A49 /* Debug */,
				116A7684299D35FD00F85A49 /* Release */,
			);
			defaultConfigurationIsVisible = 0;
			defaultConfigurationName = Release;
		};
/* End XCConfigurationList section */
	};
	rootObject = 116A7666299D35FB00F85A49 /* Project object */;
}
